// !$*UTF8*$!
{
	archiveVersion = 1;
	classes = {
	};
	objectVersion = 46;
	objects = {

/* Begin PBXBuildFile section */
		BC080EF21D65C99100E0502D /* GSRecommendView.swift in Sources */ = {isa = PBXBuildFile; fileRef = BC080EF11D65C99100E0502D /* GSRecommendView.swift */; };
		BC080EF51D65CAC500E0502D /* GSRecommendADCell.swift in Sources */ = {isa = PBXBuildFile; fileRef = BC080EF31D65CAC500E0502D /* GSRecommendADCell.swift */; };
		BC080EF61D65CAC500E0502D /* GSRecommendADCell.xib in Resources */ = {isa = PBXBuildFile; fileRef = BC080EF41D65CAC500E0502D /* GSRecommendADCell.xib */; };
		BC080EF81D65E6C800E0502D /* GSSecondaryBannersModel.swift in Sources */ = {isa = PBXBuildFile; fileRef = BC080EF71D65E6C800E0502D /* GSSecondaryBannersModel.swift */; };
		BC080EFE1D65F50500E0502D /* GSSecondaryBannersCell.swift in Sources */ = {isa = PBXBuildFile; fileRef = BC080EFD1D65F50500E0502D /* GSSecondaryBannersCell.swift */; };
		BC1693F21D6337BA0005F8AC /* Const.swift in Sources */ = {isa = PBXBuildFile; fileRef = BC1693F11D6337BA0005F8AC /* Const.swift */; };
		BC241E4A1D66F93A004FF30F /* GSSelectCell.swift in Sources */ = {isa = PBXBuildFile; fileRef = BC241E481D66F93A004FF30F /* GSSelectCell.swift */; };
		BC241E4B1D66F93A004FF30F /* GSSelectCell.xib in Resources */ = {isa = PBXBuildFile; fileRef = BC241E491D66F93A004FF30F /* GSSelectCell.xib */; };
		BC7C5F821D61F14400A5672F /* AppDelegate.swift in Sources */ = {isa = PBXBuildFile; fileRef = BC7C5F811D61F14400A5672F /* AppDelegate.swift */; };
		BC7C5F841D61F14400A5672F /* ViewController.swift in Sources */ = {isa = PBXBuildFile; fileRef = BC7C5F831D61F14400A5672F /* ViewController.swift */; };
		BC7C5F871D61F14400A5672F /* Main.storyboard in Resources */ = {isa = PBXBuildFile; fileRef = BC7C5F851D61F14400A5672F /* Main.storyboard */; };
		BC7C5F891D61F14400A5672F /* Assets.xcassets in Resources */ = {isa = PBXBuildFile; fileRef = BC7C5F881D61F14400A5672F /* Assets.xcassets */; };
		BC7C5F8C1D61F14400A5672F /* LaunchScreen.storyboard in Resources */ = {isa = PBXBuildFile; fileRef = BC7C5F8A1D61F14400A5672F /* LaunchScreen.storyboard */; };
		BC7C5F971D61F14400A5672F /* GiftSayTests.swift in Sources */ = {isa = PBXBuildFile; fileRef = BC7C5F961D61F14400A5672F /* GiftSayTests.swift */; };
		BC7C5FA21D61F14400A5672F /* GiftSayUITests.swift in Sources */ = {isa = PBXBuildFile; fileRef = BC7C5FA11D61F14400A5672F /* GiftSayUITests.swift */; };
		BC7C5FE41D61F1B700A5672F /* appicon29x29@2x.png in Resources */ = {isa = PBXBuildFile; fileRef = BC7C5FCC1D61F1B700A5672F /* appicon29x29@2x.png */; };
		BC7C5FE51D61F1B700A5672F /* appicon29x29@2x~ipad.png in Resources */ = {isa = PBXBuildFile; fileRef = BC7C5FCD1D61F1B700A5672F /* appicon29x29@2x~ipad.png */; };
		BC7C5FE61D61F1B700A5672F /* appicon29x29@3x.png in Resources */ = {isa = PBXBuildFile; fileRef = BC7C5FCE1D61F1B700A5672F /* appicon29x29@3x.png */; };
		BC7C5FE71D61F1B700A5672F /* appicon29x29~ipad.png in Resources */ = {isa = PBXBuildFile; fileRef = BC7C5FCF1D61F1B700A5672F /* appicon29x29~ipad.png */; };
		BC7C5FE81D61F1B700A5672F /* appicon40x40@2x.png in Resources */ = {isa = PBXBuildFile; fileRef = BC7C5FD01D61F1B700A5672F /* appicon40x40@2x.png */; };
		BC7C5FE91D61F1B700A5672F /* appicon40x40@2x~ipad.png in Resources */ = {isa = PBXBuildFile; fileRef = BC7C5FD11D61F1B700A5672F /* appicon40x40@2x~ipad.png */; };
		BC7C5FEA1D61F1B700A5672F /* appicon40x40@3x.png in Resources */ = {isa = PBXBuildFile; fileRef = BC7C5FD21D61F1B700A5672F /* appicon40x40@3x.png */; };
		BC7C5FEB1D61F1B700A5672F /* appicon40x40~ipad.png in Resources */ = {isa = PBXBuildFile; fileRef = BC7C5FD31D61F1B700A5672F /* appicon40x40~ipad.png */; };
		BC7C5FEC1D61F1B700A5672F /* appicon60x60@2x.png in Resources */ = {isa = PBXBuildFile; fileRef = BC7C5FD41D61F1B700A5672F /* appicon60x60@2x.png */; };
		BC7C5FED1D61F1B700A5672F /* appicon60x60@3x.png in Resources */ = {isa = PBXBuildFile; fileRef = BC7C5FD51D61F1B700A5672F /* appicon60x60@3x.png */; };
		BC7C5FEE1D61F1B700A5672F /* appicon76x76@2x~ipad.png in Resources */ = {isa = PBXBuildFile; fileRef = BC7C5FD61D61F1B700A5672F /* appicon76x76@2x~ipad.png */; };
		BC7C5FEF1D61F1B700A5672F /* appicon76x76~ipad.png in Resources */ = {isa = PBXBuildFile; fileRef = BC7C5FD71D61F1B700A5672F /* appicon76x76~ipad.png */; };
		BC7C5FF01D61F1B700A5672F /* appicon83.5x83.5@2x~ipad.png in Resources */ = {isa = PBXBuildFile; fileRef = BC7C5FD81D61F1B700A5672F /* appicon83.5x83.5@2x~ipad.png */; };
		BC7C5FF11D61F1B700A5672F /* LaunchImage-700-568h@2x.png in Resources */ = {isa = PBXBuildFile; fileRef = BC7C5FDA1D61F1B700A5672F /* LaunchImage-700-568h@2x.png */; };
		BC7C5FF21D61F1B700A5672F /* LaunchImage-700-Portrait@2x~ipad.png in Resources */ = {isa = PBXBuildFile; fileRef = BC7C5FDB1D61F1B700A5672F /* LaunchImage-700-Portrait@2x~ipad.png */; };
		BC7C5FF31D61F1B700A5672F /* LaunchImage-700-Portrait~ipad.png in Resources */ = {isa = PBXBuildFile; fileRef = BC7C5FDC1D61F1B700A5672F /* LaunchImage-700-Portrait~ipad.png */; };
		BC7C5FF41D61F1B700A5672F /* LaunchImage-700@2x.png in Resources */ = {isa = PBXBuildFile; fileRef = BC7C5FDD1D61F1B700A5672F /* LaunchImage-700@2x.png */; };
		BC7C5FF51D61F1B700A5672F /* LaunchImage-800-667h@2x.png in Resources */ = {isa = PBXBuildFile; fileRef = BC7C5FDE1D61F1B700A5672F /* LaunchImage-800-667h@2x.png */; };
		BC7C5FF61D61F1B700A5672F /* LaunchImage-800-Portrait-736h@3x.png in Resources */ = {isa = PBXBuildFile; fileRef = BC7C5FDF1D61F1B700A5672F /* LaunchImage-800-Portrait-736h@3x.png */; };
		BC81054E1D6D644200B83543 /* attention.png in Resources */ = {isa = PBXBuildFile; fileRef = BC8105491D6D644200B83543 /* attention.png */; };
		BC81054F1D6D644200B83543 /* customer_service.png in Resources */ = {isa = PBXBuildFile; fileRef = BC81054A1D6D644200B83543 /* customer_service.png */; };
		BC8105501D6D644200B83543 /* gift_certificate.png in Resources */ = {isa = PBXBuildFile; fileRef = BC81054B1D6D644200B83543 /* gift_certificate.png */; };
		BC8105511D6D644200B83543 /* orders.png in Resources */ = {isa = PBXBuildFile; fileRef = BC81054C1D6D644200B83543 /* orders.png */; };
		BC8105521D6D644200B83543 /* shopping_cart.png in Resources */ = {isa = PBXBuildFile; fileRef = BC81054D1D6D644200B83543 /* shopping_cart.png */; };
		BC8105551D6D66C800B83543 /* female.png in Resources */ = {isa = PBXBuildFile; fileRef = BC8105531D6D66C800B83543 /* female.png */; };
		BC8105561D6D66C800B83543 /* male.png in Resources */ = {isa = PBXBuildFile; fileRef = BC8105541D6D66C800B83543 /* male.png */; };
		BC94C7A21D6D2B0B00FE27D9 /* noLogin_heart.png in Resources */ = {isa = PBXBuildFile; fileRef = BC94C7A11D6D2B0B00FE27D9 /* noLogin_heart.png */; };
		BCBF72B31D6C301900BACD66 /* CGStrategyNoColumnModel.swift in Sources */ = {isa = PBXBuildFile; fileRef = BCBF72B21D6C301900BACD66 /* CGStrategyNoColumnModel.swift */; };
		BCBF72B61D6C388200BACD66 /* CGStrategyNoColumnCell.swift in Sources */ = {isa = PBXBuildFile; fileRef = BCBF72B41D6C388200BACD66 /* CGStrategyNoColumnCell.swift */; };
		BCBF72B71D6C388200BACD66 /* CGStrategyNoColumnCell.xib in Resources */ = {isa = PBXBuildFile; fileRef = BCBF72B51D6C388200BACD66 /* CGStrategyNoColumnCell.xib */; };
		BCBF72B91D6C441D00BACD66 /* Util.swift in Sources */ = {isa = PBXBuildFile; fileRef = BCBF72B81D6C441D00BACD66 /* Util.swift */; };
		BCBF72BB1D6C80D900BACD66 /* me_profilebackground@2x.jpg in Resources */ = {isa = PBXBuildFile; fileRef = BCBF72BA1D6C80D900BACD66 /* me_profilebackground@2x.jpg */; };
		BCBF72BE1D6C88AD00BACD66 /* ProfileLoginCell.swift in Sources */ = {isa = PBXBuildFile; fileRef = BCBF72BC1D6C88AD00BACD66 /* ProfileLoginCell.swift */; };
		BCBF72BF1D6C88AD00BACD66 /* ProfileLoginCell.xib in Resources */ = {isa = PBXBuildFile; fileRef = BCBF72BD1D6C88AD00BACD66 /* ProfileLoginCell.xib */; };
		BCBF72C21D6C88DA00BACD66 /* FunctionBtnCell.swift in Sources */ = {isa = PBXBuildFile; fileRef = BCBF72C01D6C88DA00BACD66 /* FunctionBtnCell.swift */; };
		BCBF72C31D6C88DA00BACD66 /* FunctionBtnCell.xib in Resources */ = {isa = PBXBuildFile; fileRef = BCBF72C11D6C88DA00BACD66 /* FunctionBtnCell.xib */; };
		BCBF72C61D6C891300BACD66 /* ItemAndStrategyCell.swift in Sources */ = {isa = PBXBuildFile; fileRef = BCBF72C41D6C891300BACD66 /* ItemAndStrategyCell.swift */; };
		BCBF72C71D6C891300BACD66 /* ItemAndStrategyCell.xib in Resources */ = {isa = PBXBuildFile; fileRef = BCBF72C51D6C891300BACD66 /* ItemAndStrategyCell.xib */; };
		BCCB4EA61D67E7C900791BF2 /* thumb_up.png in Resources */ = {isa = PBXBuildFile; fileRef = BCCB4EA51D67E7C900791BF2 /* thumb_up.png */; };
		BCCB4EAC1D680FE400791BF2 /* HRecommendModel.swift in Sources */ = {isa = PBXBuildFile; fileRef = BCCB4EAB1D680FE400791BF2 /* HRecommendModel.swift */; };
		BCCB4EB01D68442C00791BF2 /* HMyLayout.swift in Sources */ = {isa = PBXBuildFile; fileRef = BCCB4EAF1D68442C00791BF2 /* HMyLayout.swift */; };
		BCCB4EB31D6899CC00791BF2 /* HRecommendCell.swift in Sources */ = {isa = PBXBuildFile; fileRef = BCCB4EB11D6899CC00791BF2 /* HRecommendCell.swift */; };
		BCCB4EB41D6899CC00791BF2 /* HRecommendCell.xib in Resources */ = {isa = PBXBuildFile; fileRef = BCCB4EB21D6899CC00791BF2 /* HRecommendCell.xib */; };
		BCD5122A1D66910700B09155 /* GSSelectModel.swift in Sources */ = {isa = PBXBuildFile; fileRef = BCD512291D66910700B09155 /* GSSelectModel.swift */; };
		BCEAA0E21D694910006B53F7 /* favorite.png in Resources */ = {isa = PBXBuildFile; fileRef = BCEAA0E11D694910006B53F7 /* favorite.png */; };
		BCF1F1691D61FA6200A23285 /* MainTabBarController.swift in Sources */ = {isa = PBXBuildFile; fileRef = BCF1F1681D61FA6200A23285 /* MainTabBarController.swift */; };
		BCF1F16B1D61FA9D00A23285 /* BaseViewController.swift in Sources */ = {isa = PBXBuildFile; fileRef = BCF1F16A1D61FA9D00A23285 /* BaseViewController.swift */; };
		BCF1F16D1D61FB7800A23285 /* GiftSayViewController.swift in Sources */ = {isa = PBXBuildFile; fileRef = BCF1F16C1D61FB7800A23285 /* GiftSayViewController.swift */; };
		BCF1F16F1D61FB8600A23285 /* HotViewController.swift in Sources */ = {isa = PBXBuildFile; fileRef = BCF1F16E1D61FB8600A23285 /* HotViewController.swift */; };
		BCF1F1711D61FB9300A23285 /* CategoryViewController.swift in Sources */ = {isa = PBXBuildFile; fileRef = BCF1F1701D61FB9300A23285 /* CategoryViewController.swift */; };
		BCF1F1731D61FBA400A23285 /* ProfileViewController.swift in Sources */ = {isa = PBXBuildFile; fileRef = BCF1F1721D61FBA400A23285 /* ProfileViewController.swift */; };
		BCF1F1751D61FC3200A23285 /* Ctrl.json in Resources */ = {isa = PBXBuildFile; fileRef = BCF1F1741D61FC3200A23285 /* Ctrl.json */; };
		BCF1F1771D62057800A23285 /* UILabel+Util.swift in Sources */ = {isa = PBXBuildFile; fileRef = BCF1F1761D62057800A23285 /* UILabel+Util.swift */; };
		BCF1F1791D62058E00A23285 /* UIButton+Util.swift in Sources */ = {isa = PBXBuildFile; fileRef = BCF1F1781D62058E00A23285 /* UIButton+Util.swift */; };
		BCF1F17B1D6205ED00A23285 /* UIImageView+Util.swift in Sources */ = {isa = PBXBuildFile; fileRef = BCF1F17A1D6205ED00A23285 /* UIImageView+Util.swift */; };
		BCF1F17D1D620CEF00A23285 /* WYPDownloader.swift in Sources */ = {isa = PBXBuildFile; fileRef = BCF1F17C1D620CEF00A23285 /* WYPDownloader.swift */; };
		BCFF424F1D644D9E00DFBF5D /* GSRecommendModel.swift in Sources */ = {isa = PBXBuildFile; fileRef = BCFF424E1D644D9E00DFBF5D /* GSRecommendModel.swift */; };
		BCFF42681D6486EF00DFBF5D /* arrow_down.png in Resources */ = {isa = PBXBuildFile; fileRef = BCFF42511D6486EF00DFBF5D /* arrow_down.png */; };
		BCFF42691D6486EF00DFBF5D /* arrow_left.png in Resources */ = {isa = PBXBuildFile; fileRef = BCFF42521D6486EF00DFBF5D /* arrow_left.png */; };
		BCFF426A1D6486EF00DFBF5D /* arrow_right.png in Resources */ = {isa = PBXBuildFile; fileRef = BCFF42531D6486EF00DFBF5D /* arrow_right.png */; };
		BCFF426B1D6486EF00DFBF5D /* arrow_up.png in Resources */ = {isa = PBXBuildFile; fileRef = BCFF42541D6486EF00DFBF5D /* arrow_up.png */; };
		BCFF426C1D6486EF00DFBF5D /* preload_image.png in Resources */ = {isa = PBXBuildFile; fileRef = BCFF42551D6486EF00DFBF5D /* preload_image.png */; };
		BCFF426D1D6486EF00DFBF5D /* alarm_clock.png in Resources */ = {isa = PBXBuildFile; fileRef = BCFF42571D6486EF00DFBF5D /* alarm_clock.png */; };
		BCFF426E1D6486EF00DFBF5D /* back.png in Resources */ = {isa = PBXBuildFile; fileRef = BCFF42581D6486EF00DFBF5D /* back.png */; };
		BCFF426F1D6486EF00DFBF5D /* mail.png in Resources */ = {isa = PBXBuildFile; fileRef = BCFF42591D6486EF00DFBF5D /* mail.png */; };
		BCFF42701D6486EF00DFBF5D /* scan.png in Resources */ = {isa = PBXBuildFile; fileRef = BCFF425A1D6486EF00DFBF5D /* scan.png */; };
		BCFF42711D6486EF00DFBF5D /* search.png in Resources */ = {isa = PBXBuildFile; fileRef = BCFF425B1D6486EF00DFBF5D /* search.png */; };
		BCFF42721D6486EF00DFBF5D /* set_up.png in Resources */ = {isa = PBXBuildFile; fileRef = BCFF425C1D6486EF00DFBF5D /* set_up.png */; };
		BCFF42731D6486EF00DFBF5D /* share.png in Resources */ = {isa = PBXBuildFile; fileRef = BCFF425D1D6486EF00DFBF5D /* share.png */; };
		BCFF42741D6486EF00DFBF5D /* sign_in.png in Resources */ = {isa = PBXBuildFile; fileRef = BCFF425E1D6486EF00DFBF5D /* sign_in.png */; };
		BCFF428E1D6491B900DFBF5D /* category_normal@2x.png in Resources */ = {isa = PBXBuildFile; fileRef = BCFF427E1D6491B900DFBF5D /* category_normal@2x.png */; };
		BCFF428F1D6491B900DFBF5D /* category_normal@3x.png in Resources */ = {isa = PBXBuildFile; fileRef = BCFF427F1D6491B900DFBF5D /* category_normal@3x.png */; };
		BCFF42901D6491B900DFBF5D /* category_select@2x.png in Resources */ = {isa = PBXBuildFile; fileRef = BCFF42801D6491B900DFBF5D /* category_select@2x.png */; };
		BCFF42911D6491B900DFBF5D /* category_select@3x.png in Resources */ = {isa = PBXBuildFile; fileRef = BCFF42811D6491B900DFBF5D /* category_select@3x.png */; };
		BCFF42921D6491B900DFBF5D /* gift_normal@2x.png in Resources */ = {isa = PBXBuildFile; fileRef = BCFF42821D6491B900DFBF5D /* gift_normal@2x.png */; };
		BCFF42931D6491B900DFBF5D /* gift_normal@3x.png in Resources */ = {isa = PBXBuildFile; fileRef = BCFF42831D6491B900DFBF5D /* gift_normal@3x.png */; };
		BCFF42941D6491B900DFBF5D /* gift_select@2x.png in Resources */ = {isa = PBXBuildFile; fileRef = BCFF42841D6491B900DFBF5D /* gift_select@2x.png */; };
		BCFF42951D6491B900DFBF5D /* gift_select@3x.png in Resources */ = {isa = PBXBuildFile; fileRef = BCFF42851D6491B900DFBF5D /* gift_select@3x.png */; };
		BCFF42961D6491B900DFBF5D /* hot_normal@2x.png in Resources */ = {isa = PBXBuildFile; fileRef = BCFF42861D6491B900DFBF5D /* hot_normal@2x.png */; };
		BCFF42971D6491B900DFBF5D /* hot_normal@3x.png in Resources */ = {isa = PBXBuildFile; fileRef = BCFF42871D6491B900DFBF5D /* hot_normal@3x.png */; };
		BCFF42981D6491B900DFBF5D /* hot_select@2x.png in Resources */ = {isa = PBXBuildFile; fileRef = BCFF42881D6491B900DFBF5D /* hot_select@2x.png */; };
		BCFF42991D6491B900DFBF5D /* hot_select@3x.png in Resources */ = {isa = PBXBuildFile; fileRef = BCFF42891D6491B900DFBF5D /* hot_select@3x.png */; };
		BCFF429A1D6491B900DFBF5D /* mine_normal@2x.png in Resources */ = {isa = PBXBuildFile; fileRef = BCFF428A1D6491B900DFBF5D /* mine_normal@2x.png */; };
		BCFF429B1D6491B900DFBF5D /* mine_normal@3x.png in Resources */ = {isa = PBXBuildFile; fileRef = BCFF428B1D6491B900DFBF5D /* mine_normal@3x.png */; };
		BCFF429C1D6491B900DFBF5D /* mine_select@2x.png in Resources */ = {isa = PBXBuildFile; fileRef = BCFF428C1D6491B900DFBF5D /* mine_select@2x.png */; };
		BCFF429D1D6491B900DFBF5D /* mine_select@3x.png in Resources */ = {isa = PBXBuildFile; fileRef = BCFF428D1D6491B900DFBF5D /* mine_select@3x.png */; };
		BCFF429F1D64ACF800DFBF5D /* GSSmallNavBarModel.swift in Sources */ = {isa = PBXBuildFile; fileRef = BCFF429E1D64ACF800DFBF5D /* GSSmallNavBarModel.swift */; };
		BCFFA4CA1D6AF9D500D3E05B /* CGStrategyColumnModel.swift in Sources */ = {isa = PBXBuildFile; fileRef = BCFFA4C91D6AF9D500D3E05B /* CGStrategyColumnModel.swift */; };
		BCFFA4CC1D6B006300D3E05B /* CategoryView.swift in Sources */ = {isa = PBXBuildFile; fileRef = BCFFA4CB1D6B006300D3E05B /* CategoryView.swift */; };
		BCFFA4CF1D6B146000D3E05B /* CGStrategyColumnCell.swift in Sources */ = {isa = PBXBuildFile; fileRef = BCFFA4CD1D6B146000D3E05B /* CGStrategyColumnCell.swift */; };
		BCFFA4D01D6B146000D3E05B /* CGStrategyColumnCell.xib in Resources */ = {isa = PBXBuildFile; fileRef = BCFFA4CE1D6B146000D3E05B /* CGStrategyColumnCell.xib */; };
		BCFFA4D21D6B1DC100D3E05B /* category_arrow_right.png in Resources */ = {isa = PBXBuildFile; fileRef = BCFFA4D11D6B1DC100D3E05B /* category_arrow_right.png */; };
		D71E4ABAB93FFEF18A0E13D9 /* Pods_GiftSay.framework in Frameworks */ = {isa = PBXBuildFile; fileRef = F648819D8C4F136C26C3EFEE /* Pods_GiftSay.framework */; };
/* End PBXBuildFile section */

/* Begin PBXContainerItemProxy section */
		BC7C5F931D61F14400A5672F /* PBXContainerItemProxy */ = {
			isa = PBXContainerItemProxy;
			containerPortal = BC7C5F761D61F14400A5672F /* Project object */;
			proxyType = 1;
			remoteGlobalIDString = BC7C5F7D1D61F14400A5672F;
			remoteInfo = GiftSay;
		};
		BC7C5F9E1D61F14400A5672F /* PBXContainerItemProxy */ = {
			isa = PBXContainerItemProxy;
			containerPortal = BC7C5F761D61F14400A5672F /* Project object */;
			proxyType = 1;
			remoteGlobalIDString = BC7C5F7D1D61F14400A5672F;
			remoteInfo = GiftSay;
		};
/* End PBXContainerItemProxy section */

/* Begin PBXFileReference section */
		3690B1ADD1ACEDE27785B094 /* Pods-GiftSay.release.xcconfig */ = {isa = PBXFileReference; includeInIndex = 1; lastKnownFileType = text.xcconfig; name = "Pods-GiftSay.release.xcconfig"; path = "Pods/Target Support Files/Pods-GiftSay/Pods-GiftSay.release.xcconfig"; sourceTree = "<group>"; };
		BC080EF11D65C99100E0502D /* GSRecommendView.swift */ = {isa = PBXFileReference; fileEncoding = 4; lastKnownFileType = sourcecode.swift; path = GSRecommendView.swift; sourceTree = "<group>"; };
		BC080EF31D65CAC500E0502D /* GSRecommendADCell.swift */ = {isa = PBXFileReference; fileEncoding = 4; lastKnownFileType = sourcecode.swift; path = GSRecommendADCell.swift; sourceTree = "<group>"; };
		BC080EF41D65CAC500E0502D /* GSRecommendADCell.xib */ = {isa = PBXFileReference; fileEncoding = 4; lastKnownFileType = file.xib; path = GSRecommendADCell.xib; sourceTree = "<group>"; };
		BC080EF71D65E6C800E0502D /* GSSecondaryBannersModel.swift */ = {isa = PBXFileReference; fileEncoding = 4; lastKnownFileType = sourcecode.swift; path = GSSecondaryBannersModel.swift; sourceTree = "<group>"; };
		BC080EFD1D65F50500E0502D /* GSSecondaryBannersCell.swift */ = {isa = PBXFileReference; fileEncoding = 4; lastKnownFileType = sourcecode.swift; path = GSSecondaryBannersCell.swift; sourceTree = "<group>"; };
		BC1693F11D6337BA0005F8AC /* Const.swift */ = {isa = PBXFileReference; fileEncoding = 4; lastKnownFileType = sourcecode.swift; path = Const.swift; sourceTree = "<group>"; };
		BC241E481D66F93A004FF30F /* GSSelectCell.swift */ = {isa = PBXFileReference; fileEncoding = 4; lastKnownFileType = sourcecode.swift; path = GSSelectCell.swift; sourceTree = "<group>"; };
		BC241E491D66F93A004FF30F /* GSSelectCell.xib */ = {isa = PBXFileReference; fileEncoding = 4; lastKnownFileType = file.xib; path = GSSelectCell.xib; sourceTree = "<group>"; };
		BC7C5F7E1D61F14400A5672F /* GiftSay.app */ = {isa = PBXFileReference; explicitFileType = wrapper.application; includeInIndex = 0; path = GiftSay.app; sourceTree = BUILT_PRODUCTS_DIR; };
		BC7C5F811D61F14400A5672F /* AppDelegate.swift */ = {isa = PBXFileReference; lastKnownFileType = sourcecode.swift; path = AppDelegate.swift; sourceTree = "<group>"; };
		BC7C5F831D61F14400A5672F /* ViewController.swift */ = {isa = PBXFileReference; lastKnownFileType = sourcecode.swift; path = ViewController.swift; sourceTree = "<group>"; };
		BC7C5F861D61F14400A5672F /* Base */ = {isa = PBXFileReference; lastKnownFileType = file.storyboard; name = Base; path = Base.lproj/Main.storyboard; sourceTree = "<group>"; };
		BC7C5F881D61F14400A5672F /* Assets.xcassets */ = {isa = PBXFileReference; lastKnownFileType = folder.assetcatalog; path = Assets.xcassets; sourceTree = "<group>"; };
		BC7C5F8B1D61F14400A5672F /* Base */ = {isa = PBXFileReference; lastKnownFileType = file.storyboard; name = Base; path = Base.lproj/LaunchScreen.storyboard; sourceTree = "<group>"; };
		BC7C5F8D1D61F14400A5672F /* Info.plist */ = {isa = PBXFileReference; lastKnownFileType = text.plist.xml; path = Info.plist; sourceTree = "<group>"; };
		BC7C5F921D61F14400A5672F /* GiftSayTests.xctest */ = {isa = PBXFileReference; explicitFileType = wrapper.cfbundle; includeInIndex = 0; path = GiftSayTests.xctest; sourceTree = BUILT_PRODUCTS_DIR; };
		BC7C5F961D61F14400A5672F /* GiftSayTests.swift */ = {isa = PBXFileReference; lastKnownFileType = sourcecode.swift; path = GiftSayTests.swift; sourceTree = "<group>"; };
		BC7C5F981D61F14400A5672F /* Info.plist */ = {isa = PBXFileReference; lastKnownFileType = text.plist.xml; path = Info.plist; sourceTree = "<group>"; };
		BC7C5F9D1D61F14400A5672F /* GiftSayUITests.xctest */ = {isa = PBXFileReference; explicitFileType = wrapper.cfbundle; includeInIndex = 0; path = GiftSayUITests.xctest; sourceTree = BUILT_PRODUCTS_DIR; };
		BC7C5FA11D61F14400A5672F /* GiftSayUITests.swift */ = {isa = PBXFileReference; lastKnownFileType = sourcecode.swift; path = GiftSayUITests.swift; sourceTree = "<group>"; };
		BC7C5FA31D61F14400A5672F /* Info.plist */ = {isa = PBXFileReference; lastKnownFileType = text.plist.xml; path = Info.plist; sourceTree = "<group>"; };
		BC7C5FCC1D61F1B700A5672F /* appicon29x29@2x.png */ = {isa = PBXFileReference; lastKnownFileType = image.png; path = "appicon29x29@2x.png"; sourceTree = "<group>"; };
		BC7C5FCD1D61F1B700A5672F /* appicon29x29@2x~ipad.png */ = {isa = PBXFileReference; lastKnownFileType = image.png; path = "appicon29x29@2x~ipad.png"; sourceTree = "<group>"; };
		BC7C5FCE1D61F1B700A5672F /* appicon29x29@3x.png */ = {isa = PBXFileReference; lastKnownFileType = image.png; path = "appicon29x29@3x.png"; sourceTree = "<group>"; };
		BC7C5FCF1D61F1B700A5672F /* appicon29x29~ipad.png */ = {isa = PBXFileReference; lastKnownFileType = image.png; path = "appicon29x29~ipad.png"; sourceTree = "<group>"; };
		BC7C5FD01D61F1B700A5672F /* appicon40x40@2x.png */ = {isa = PBXFileReference; lastKnownFileType = image.png; path = "appicon40x40@2x.png"; sourceTree = "<group>"; };
		BC7C5FD11D61F1B700A5672F /* appicon40x40@2x~ipad.png */ = {isa = PBXFileReference; lastKnownFileType = image.png; path = "appicon40x40@2x~ipad.png"; sourceTree = "<group>"; };
		BC7C5FD21D61F1B700A5672F /* appicon40x40@3x.png */ = {isa = PBXFileReference; lastKnownFileType = image.png; path = "appicon40x40@3x.png"; sourceTree = "<group>"; };
		BC7C5FD31D61F1B700A5672F /* appicon40x40~ipad.png */ = {isa = PBXFileReference; lastKnownFileType = image.png; path = "appicon40x40~ipad.png"; sourceTree = "<group>"; };
		BC7C5FD41D61F1B700A5672F /* appicon60x60@2x.png */ = {isa = PBXFileReference; lastKnownFileType = image.png; path = "appicon60x60@2x.png"; sourceTree = "<group>"; };
		BC7C5FD51D61F1B700A5672F /* appicon60x60@3x.png */ = {isa = PBXFileReference; lastKnownFileType = image.png; path = "appicon60x60@3x.png"; sourceTree = "<group>"; };
		BC7C5FD61D61F1B700A5672F /* appicon76x76@2x~ipad.png */ = {isa = PBXFileReference; lastKnownFileType = image.png; path = "appicon76x76@2x~ipad.png"; sourceTree = "<group>"; };
		BC7C5FD71D61F1B700A5672F /* appicon76x76~ipad.png */ = {isa = PBXFileReference; lastKnownFileType = image.png; path = "appicon76x76~ipad.png"; sourceTree = "<group>"; };
		BC7C5FD81D61F1B700A5672F /* appicon83.5x83.5@2x~ipad.png */ = {isa = PBXFileReference; lastKnownFileType = image.png; path = "appicon83.5x83.5@2x~ipad.png"; sourceTree = "<group>"; };
		BC7C5FDA1D61F1B700A5672F /* LaunchImage-700-568h@2x.png */ = {isa = PBXFileReference; lastKnownFileType = image.png; path = "LaunchImage-700-568h@2x.png"; sourceTree = "<group>"; };
		BC7C5FDB1D61F1B700A5672F /* LaunchImage-700-Portrait@2x~ipad.png */ = {isa = PBXFileReference; lastKnownFileType = image.png; path = "LaunchImage-700-Portrait@2x~ipad.png"; sourceTree = "<group>"; };
		BC7C5FDC1D61F1B700A5672F /* LaunchImage-700-Portrait~ipad.png */ = {isa = PBXFileReference; lastKnownFileType = image.png; path = "LaunchImage-700-Portrait~ipad.png"; sourceTree = "<group>"; };
		BC7C5FDD1D61F1B700A5672F /* LaunchImage-700@2x.png */ = {isa = PBXFileReference; lastKnownFileType = image.png; path = "LaunchImage-700@2x.png"; sourceTree = "<group>"; };
		BC7C5FDE1D61F1B700A5672F /* LaunchImage-800-667h@2x.png */ = {isa = PBXFileReference; lastKnownFileType = image.png; path = "LaunchImage-800-667h@2x.png"; sourceTree = "<group>"; };
		BC7C5FDF1D61F1B700A5672F /* LaunchImage-800-Portrait-736h@3x.png */ = {isa = PBXFileReference; lastKnownFileType = image.png; path = "LaunchImage-800-Portrait-736h@3x.png"; sourceTree = "<group>"; };
		BC8105491D6D644200B83543 /* attention.png */ = {isa = PBXFileReference; lastKnownFileType = image.png; path = attention.png; sourceTree = "<group>"; };
		BC81054A1D6D644200B83543 /* customer_service.png */ = {isa = PBXFileReference; lastKnownFileType = image.png; path = customer_service.png; sourceTree = "<group>"; };
		BC81054B1D6D644200B83543 /* gift_certificate.png */ = {isa = PBXFileReference; lastKnownFileType = image.png; path = gift_certificate.png; sourceTree = "<group>"; };
		BC81054C1D6D644200B83543 /* orders.png */ = {isa = PBXFileReference; lastKnownFileType = image.png; path = orders.png; sourceTree = "<group>"; };
		BC81054D1D6D644200B83543 /* shopping_cart.png */ = {isa = PBXFileReference; lastKnownFileType = image.png; path = shopping_cart.png; sourceTree = "<group>"; };
		BC8105531D6D66C800B83543 /* female.png */ = {isa = PBXFileReference; lastKnownFileType = image.png; path = female.png; sourceTree = "<group>"; };
		BC8105541D6D66C800B83543 /* male.png */ = {isa = PBXFileReference; lastKnownFileType = image.png; path = male.png; sourceTree = "<group>"; };
		BC94C7A11D6D2B0B00FE27D9 /* noLogin_heart.png */ = {isa = PBXFileReference; lastKnownFileType = image.png; path = noLogin_heart.png; sourceTree = "<group>"; };
		BCBF72B21D6C301900BACD66 /* CGStrategyNoColumnModel.swift */ = {isa = PBXFileReference; fileEncoding = 4; lastKnownFileType = sourcecode.swift; path = CGStrategyNoColumnModel.swift; sourceTree = "<group>"; };
		BCBF72B41D6C388200BACD66 /* CGStrategyNoColumnCell.swift */ = {isa = PBXFileReference; fileEncoding = 4; lastKnownFileType = sourcecode.swift; path = CGStrategyNoColumnCell.swift; sourceTree = "<group>"; };
		BCBF72B51D6C388200BACD66 /* CGStrategyNoColumnCell.xib */ = {isa = PBXFileReference; fileEncoding = 4; lastKnownFileType = file.xib; path = CGStrategyNoColumnCell.xib; sourceTree = "<group>"; };
		BCBF72B81D6C441D00BACD66 /* Util.swift */ = {isa = PBXFileReference; fileEncoding = 4; lastKnownFileType = sourcecode.swift; path = Util.swift; sourceTree = "<group>"; };
		BCBF72BA1D6C80D900BACD66 /* me_profilebackground@2x.jpg */ = {isa = PBXFileReference; lastKnownFileType = image.jpeg; path = "me_profilebackground@2x.jpg"; sourceTree = "<group>"; };
		BCBF72BC1D6C88AD00BACD66 /* ProfileLoginCell.swift */ = {isa = PBXFileReference; fileEncoding = 4; lastKnownFileType = sourcecode.swift; path = ProfileLoginCell.swift; sourceTree = "<group>"; };
		BCBF72BD1D6C88AD00BACD66 /* ProfileLoginCell.xib */ = {isa = PBXFileReference; fileEncoding = 4; lastKnownFileType = file.xib; path = ProfileLoginCell.xib; sourceTree = "<group>"; };
		BCBF72C01D6C88DA00BACD66 /* FunctionBtnCell.swift */ = {isa = PBXFileReference; fileEncoding = 4; lastKnownFileType = sourcecode.swift; path = FunctionBtnCell.swift; sourceTree = "<group>"; };
		BCBF72C11D6C88DA00BACD66 /* FunctionBtnCell.xib */ = {isa = PBXFileReference; fileEncoding = 4; lastKnownFileType = file.xib; path = FunctionBtnCell.xib; sourceTree = "<group>"; };
		BCBF72C41D6C891300BACD66 /* ItemAndStrategyCell.swift */ = {isa = PBXFileReference; fileEncoding = 4; lastKnownFileType = sourcecode.swift; path = ItemAndStrategyCell.swift; sourceTree = "<group>"; };
		BCBF72C51D6C891300BACD66 /* ItemAndStrategyCell.xib */ = {isa = PBXFileReference; fileEncoding = 4; lastKnownFileType = file.xib; path = ItemAndStrategyCell.xib; sourceTree = "<group>"; };
		BCCB4EA51D67E7C900791BF2 /* thumb_up.png */ = {isa = PBXFileReference; lastKnownFileType = image.png; path = thumb_up.png; sourceTree = "<group>"; };
		BCCB4EAB1D680FE400791BF2 /* HRecommendModel.swift */ = {isa = PBXFileReference; fileEncoding = 4; lastKnownFileType = sourcecode.swift; name = HRecommendModel.swift; path = ../../recommend/model/HRecommendModel.swift; sourceTree = "<group>"; };
		BCCB4EAF1D68442C00791BF2 /* HMyLayout.swift */ = {isa = PBXFileReference; fileEncoding = 4; lastKnownFileType = sourcecode.swift; name = HMyLayout.swift; path = ../../recommend/view/HMyLayout.swift; sourceTree = "<group>"; };
		BCCB4EB11D6899CC00791BF2 /* HRecommendCell.swift */ = {isa = PBXFileReference; fileEncoding = 4; lastKnownFileType = sourcecode.swift; name = HRecommendCell.swift; path = ../../recommend/view/HRecommendCell.swift; sourceTree = "<group>"; };
		BCCB4EB21D6899CC00791BF2 /* HRecommendCell.xib */ = {isa = PBXFileReference; fileEncoding = 4; lastKnownFileType = file.xib; name = HRecommendCell.xib; path = ../../recommend/view/HRecommendCell.xib; sourceTree = "<group>"; };
		BCD512291D66910700B09155 /* GSSelectModel.swift */ = {isa = PBXFileReference; fileEncoding = 4; lastKnownFileType = sourcecode.swift; path = GSSelectModel.swift; sourceTree = "<group>"; };
		BCEAA0E11D694910006B53F7 /* favorite.png */ = {isa = PBXFileReference; lastKnownFileType = image.png; path = favorite.png; sourceTree = "<group>"; };
		BCF1F1681D61FA6200A23285 /* MainTabBarController.swift */ = {isa = PBXFileReference; fileEncoding = 4; lastKnownFileType = sourcecode.swift; path = MainTabBarController.swift; sourceTree = "<group>"; };
		BCF1F16A1D61FA9D00A23285 /* BaseViewController.swift */ = {isa = PBXFileReference; fileEncoding = 4; lastKnownFileType = sourcecode.swift; path = BaseViewController.swift; sourceTree = "<group>"; };
		BCF1F16C1D61FB7800A23285 /* GiftSayViewController.swift */ = {isa = PBXFileReference; fileEncoding = 4; lastKnownFileType = sourcecode.swift; path = GiftSayViewController.swift; sourceTree = "<group>"; };
		BCF1F16E1D61FB8600A23285 /* HotViewController.swift */ = {isa = PBXFileReference; fileEncoding = 4; lastKnownFileType = sourcecode.swift; path = HotViewController.swift; sourceTree = "<group>"; };
		BCF1F1701D61FB9300A23285 /* CategoryViewController.swift */ = {isa = PBXFileReference; fileEncoding = 4; lastKnownFileType = sourcecode.swift; path = CategoryViewController.swift; sourceTree = "<group>"; };
		BCF1F1721D61FBA400A23285 /* ProfileViewController.swift */ = {isa = PBXFileReference; fileEncoding = 4; lastKnownFileType = sourcecode.swift; path = ProfileViewController.swift; sourceTree = "<group>"; };
		BCF1F1741D61FC3200A23285 /* Ctrl.json */ = {isa = PBXFileReference; fileEncoding = 4; lastKnownFileType = text.json; path = Ctrl.json; sourceTree = "<group>"; };
		BCF1F1761D62057800A23285 /* UILabel+Util.swift */ = {isa = PBXFileReference; fileEncoding = 4; lastKnownFileType = sourcecode.swift; path = "UILabel+Util.swift"; sourceTree = "<group>"; };
		BCF1F1781D62058E00A23285 /* UIButton+Util.swift */ = {isa = PBXFileReference; fileEncoding = 4; lastKnownFileType = sourcecode.swift; path = "UIButton+Util.swift"; sourceTree = "<group>"; };
		BCF1F17A1D6205ED00A23285 /* UIImageView+Util.swift */ = {isa = PBXFileReference; fileEncoding = 4; lastKnownFileType = sourcecode.swift; path = "UIImageView+Util.swift"; sourceTree = "<group>"; };
		BCF1F17C1D620CEF00A23285 /* WYPDownloader.swift */ = {isa = PBXFileReference; fileEncoding = 4; lastKnownFileType = sourcecode.swift; path = WYPDownloader.swift; sourceTree = "<group>"; };
		BCFF424E1D644D9E00DFBF5D /* GSRecommendModel.swift */ = {isa = PBXFileReference; fileEncoding = 4; lastKnownFileType = sourcecode.swift; path = GSRecommendModel.swift; sourceTree = "<group>"; };
		BCFF42511D6486EF00DFBF5D /* arrow_down.png */ = {isa = PBXFileReference; lastKnownFileType = image.png; path = arrow_down.png; sourceTree = "<group>"; };
		BCFF42521D6486EF00DFBF5D /* arrow_left.png */ = {isa = PBXFileReference; lastKnownFileType = image.png; path = arrow_left.png; sourceTree = "<group>"; };
		BCFF42531D6486EF00DFBF5D /* arrow_right.png */ = {isa = PBXFileReference; lastKnownFileType = image.png; path = arrow_right.png; sourceTree = "<group>"; };
		BCFF42541D6486EF00DFBF5D /* arrow_up.png */ = {isa = PBXFileReference; lastKnownFileType = image.png; path = arrow_up.png; sourceTree = "<group>"; };
		BCFF42551D6486EF00DFBF5D /* preload_image.png */ = {isa = PBXFileReference; lastKnownFileType = image.png; path = preload_image.png; sourceTree = "<group>"; };
		BCFF42571D6486EF00DFBF5D /* alarm_clock.png */ = {isa = PBXFileReference; lastKnownFileType = image.png; path = alarm_clock.png; sourceTree = "<group>"; };
		BCFF42581D6486EF00DFBF5D /* back.png */ = {isa = PBXFileReference; lastKnownFileType = image.png; path = back.png; sourceTree = "<group>"; };
		BCFF42591D6486EF00DFBF5D /* mail.png */ = {isa = PBXFileReference; lastKnownFileType = image.png; path = mail.png; sourceTree = "<group>"; };
		BCFF425A1D6486EF00DFBF5D /* scan.png */ = {isa = PBXFileReference; lastKnownFileType = image.png; path = scan.png; sourceTree = "<group>"; };
		BCFF425B1D6486EF00DFBF5D /* search.png */ = {isa = PBXFileReference; lastKnownFileType = image.png; path = search.png; sourceTree = "<group>"; };
		BCFF425C1D6486EF00DFBF5D /* set_up.png */ = {isa = PBXFileReference; lastKnownFileType = image.png; path = set_up.png; sourceTree = "<group>"; };
		BCFF425D1D6486EF00DFBF5D /* share.png */ = {isa = PBXFileReference; lastKnownFileType = image.png; path = share.png; sourceTree = "<group>"; };
		BCFF425E1D6486EF00DFBF5D /* sign_in.png */ = {isa = PBXFileReference; lastKnownFileType = image.png; path = sign_in.png; sourceTree = "<group>"; };
		BCFF427E1D6491B900DFBF5D /* category_normal@2x.png */ = {isa = PBXFileReference; lastKnownFileType = image.png; path = "category_normal@2x.png"; sourceTree = "<group>"; };
		BCFF427F1D6491B900DFBF5D /* category_normal@3x.png */ = {isa = PBXFileReference; lastKnownFileType = image.png; path = "category_normal@3x.png"; sourceTree = "<group>"; };
		BCFF42801D6491B900DFBF5D /* category_select@2x.png */ = {isa = PBXFileReference; lastKnownFileType = image.png; path = "category_select@2x.png"; sourceTree = "<group>"; };
		BCFF42811D6491B900DFBF5D /* category_select@3x.png */ = {isa = PBXFileReference; lastKnownFileType = image.png; path = "category_select@3x.png"; sourceTree = "<group>"; };
		BCFF42821D6491B900DFBF5D /* gift_normal@2x.png */ = {isa = PBXFileReference; lastKnownFileType = image.png; path = "gift_normal@2x.png"; sourceTree = "<group>"; };
		BCFF42831D6491B900DFBF5D /* gift_normal@3x.png */ = {isa = PBXFileReference; lastKnownFileType = image.png; path = "gift_normal@3x.png"; sourceTree = "<group>"; };
		BCFF42841D6491B900DFBF5D /* gift_select@2x.png */ = {isa = PBXFileReference; lastKnownFileType = image.png; path = "gift_select@2x.png"; sourceTree = "<group>"; };
		BCFF42851D6491B900DFBF5D /* gift_select@3x.png */ = {isa = PBXFileReference; lastKnownFileType = image.png; path = "gift_select@3x.png"; sourceTree = "<group>"; };
		BCFF42861D6491B900DFBF5D /* hot_normal@2x.png */ = {isa = PBXFileReference; lastKnownFileType = image.png; path = "hot_normal@2x.png"; sourceTree = "<group>"; };
		BCFF42871D6491B900DFBF5D /* hot_normal@3x.png */ = {isa = PBXFileReference; lastKnownFileType = image.png; path = "hot_normal@3x.png"; sourceTree = "<group>"; };
		BCFF42881D6491B900DFBF5D /* hot_select@2x.png */ = {isa = PBXFileReference; lastKnownFileType = image.png; path = "hot_select@2x.png"; sourceTree = "<group>"; };
		BCFF42891D6491B900DFBF5D /* hot_select@3x.png */ = {isa = PBXFileReference; lastKnownFileType = image.png; path = "hot_select@3x.png"; sourceTree = "<group>"; };
		BCFF428A1D6491B900DFBF5D /* mine_normal@2x.png */ = {isa = PBXFileReference; lastKnownFileType = image.png; path = "mine_normal@2x.png"; sourceTree = "<group>"; };
		BCFF428B1D6491B900DFBF5D /* mine_normal@3x.png */ = {isa = PBXFileReference; lastKnownFileType = image.png; path = "mine_normal@3x.png"; sourceTree = "<group>"; };
		BCFF428C1D6491B900DFBF5D /* mine_select@2x.png */ = {isa = PBXFileReference; lastKnownFileType = image.png; path = "mine_select@2x.png"; sourceTree = "<group>"; };
		BCFF428D1D6491B900DFBF5D /* mine_select@3x.png */ = {isa = PBXFileReference; lastKnownFileType = image.png; path = "mine_select@3x.png"; sourceTree = "<group>"; };
		BCFF429E1D64ACF800DFBF5D /* GSSmallNavBarModel.swift */ = {isa = PBXFileReference; fileEncoding = 4; lastKnownFileType = sourcecode.swift; path = GSSmallNavBarModel.swift; sourceTree = "<group>"; };
		BCFFA4C91D6AF9D500D3E05B /* CGStrategyColumnModel.swift */ = {isa = PBXFileReference; fileEncoding = 4; lastKnownFileType = sourcecode.swift; path = CGStrategyColumnModel.swift; sourceTree = "<group>"; };
		BCFFA4CB1D6B006300D3E05B /* CategoryView.swift */ = {isa = PBXFileReference; fileEncoding = 4; lastKnownFileType = sourcecode.swift; path = CategoryView.swift; sourceTree = "<group>"; };
		BCFFA4CD1D6B146000D3E05B /* CGStrategyColumnCell.swift */ = {isa = PBXFileReference; fileEncoding = 4; lastKnownFileType = sourcecode.swift; path = CGStrategyColumnCell.swift; sourceTree = "<group>"; };
		BCFFA4CE1D6B146000D3E05B /* CGStrategyColumnCell.xib */ = {isa = PBXFileReference; fileEncoding = 4; lastKnownFileType = file.xib; path = CGStrategyColumnCell.xib; sourceTree = "<group>"; };
		BCFFA4D11D6B1DC100D3E05B /* category_arrow_right.png */ = {isa = PBXFileReference; lastKnownFileType = image.png; path = category_arrow_right.png; sourceTree = "<group>"; };
		CBCDBB2C8F33969022F26509 /* Pods-GiftSay.debug.xcconfig */ = {isa = PBXFileReference; includeInIndex = 1; lastKnownFileType = text.xcconfig; name = "Pods-GiftSay.debug.xcconfig"; path = "Pods/Target Support Files/Pods-GiftSay/Pods-GiftSay.debug.xcconfig"; sourceTree = "<group>"; };
		F648819D8C4F136C26C3EFEE /* Pods_GiftSay.framework */ = {isa = PBXFileReference; explicitFileType = wrapper.framework; includeInIndex = 0; path = Pods_GiftSay.framework; sourceTree = BUILT_PRODUCTS_DIR; };
/* End PBXFileReference section */

/* Begin PBXFrameworksBuildPhase section */
		BC7C5F7B1D61F14400A5672F /* Frameworks */ = {
			isa = PBXFrameworksBuildPhase;
			buildActionMask = 2147483647;
			files = (
				D71E4ABAB93FFEF18A0E13D9 /* Pods_GiftSay.framework in Frameworks */,
			);
			runOnlyForDeploymentPostprocessing = 0;
		};
		BC7C5F8F1D61F14400A5672F /* Frameworks */ = {
			isa = PBXFrameworksBuildPhase;
			buildActionMask = 2147483647;
			files = (
			);
			runOnlyForDeploymentPostprocessing = 0;
		};
		BC7C5F9A1D61F14400A5672F /* Frameworks */ = {
			isa = PBXFrameworksBuildPhase;
			buildActionMask = 2147483647;
			files = (
			);
			runOnlyForDeploymentPostprocessing = 0;
		};
/* End PBXFrameworksBuildPhase section */

/* Begin PBXGroup section */
		BC7C5F751D61F14400A5672F = {
			isa = PBXGroup;
			children = (
				BC7C5F801D61F14400A5672F /* GiftSay */,
				BC7C5F951D61F14400A5672F /* GiftSayTests */,
				BC7C5FA01D61F14400A5672F /* GiftSayUITests */,
				BC7C5F7F1D61F14400A5672F /* Products */,
				ECE823A9EF8C758355722B47 /* Pods */,
				D7930C2FB05EE60279172DAE /* Frameworks */,
			);
			sourceTree = "<group>";
		};
		BC7C5F7F1D61F14400A5672F /* Products */ = {
			isa = PBXGroup;
			children = (
				BC7C5F7E1D61F14400A5672F /* GiftSay.app */,
				BC7C5F921D61F14400A5672F /* GiftSayTests.xctest */,
				BC7C5F9D1D61F14400A5672F /* GiftSayUITests.xctest */,
			);
			name = Products;
			sourceTree = "<group>";
		};
		BC7C5F801D61F14400A5672F /* GiftSay */ = {
			isa = PBXGroup;
			children = (
				BC7C5FAF1D61F1B700A5672F /* classes */,
				BC7C5FCA1D61F1B700A5672F /* resources */,
				BC7C5F811D61F14400A5672F /* AppDelegate.swift */,
				BC7C5F831D61F14400A5672F /* ViewController.swift */,
				BC7C5F851D61F14400A5672F /* Main.storyboard */,
				BC7C5F881D61F14400A5672F /* Assets.xcassets */,
				BC7C5F8A1D61F14400A5672F /* LaunchScreen.storyboard */,
				BC7C5F8D1D61F14400A5672F /* Info.plist */,
			);
			path = GiftSay;
			sourceTree = "<group>";
		};
		BC7C5F951D61F14400A5672F /* GiftSayTests */ = {
			isa = PBXGroup;
			children = (
				BC7C5F961D61F14400A5672F /* GiftSayTests.swift */,
				BC7C5F981D61F14400A5672F /* Info.plist */,
			);
			path = GiftSayTests;
			sourceTree = "<group>";
		};
		BC7C5FA01D61F14400A5672F /* GiftSayUITests */ = {
			isa = PBXGroup;
			children = (
				BC7C5FA11D61F14400A5672F /* GiftSayUITests.swift */,
				BC7C5FA31D61F14400A5672F /* Info.plist */,
			);
			path = GiftSayUITests;
			sourceTree = "<group>";
		};
		BC7C5FAF1D61F1B700A5672F /* classes */ = {
			isa = PBXGroup;
			children = (
				BC7C5FB61D61F1B700A5672F /* common */,
				BC7C5FB71D61F1B700A5672F /* giftSay */,
				BC7C5FBD1D61F1B700A5672F /* hot */,
				BC7C5FB01D61F1B700A5672F /* category */,
				BC7C5FC31D61F1B700A5672F /* profile */,
				BC7C5FC91D61F1B700A5672F /* thirdParty */,
			);
			path = classes;
			sourceTree = "<group>";
		};
		BC7C5FB01D61F1B700A5672F /* category */ = {
			isa = PBXGroup;
			children = (
				BC7C5FB11D61F1B700A5672F /* homePage */,
			);
			path = category;
			sourceTree = "<group>";
		};
		BC7C5FB11D61F1B700A5672F /* homePage */ = {
			isa = PBXGroup;
			children = (
				BC7C5FB21D61F1B700A5672F /* controller */,
				BC7C5FB41D61F1B700A5672F /* model */,
				BC7C5FB51D61F1B700A5672F /* view */,
			);
			path = homePage;
			sourceTree = "<group>";
		};
		BC7C5FB21D61F1B700A5672F /* controller */ = {
			isa = PBXGroup;
			children = (
				BCF1F1701D61FB9300A23285 /* CategoryViewController.swift */,
			);
			path = controller;
			sourceTree = "<group>";
		};
		BC7C5FB41D61F1B700A5672F /* model */ = {
			isa = PBXGroup;
			children = (
				BCFFA4C91D6AF9D500D3E05B /* CGStrategyColumnModel.swift */,
				BCBF72B21D6C301900BACD66 /* CGStrategyNoColumnModel.swift */,
			);
			path = model;
			sourceTree = "<group>";
		};
		BC7C5FB51D61F1B700A5672F /* view */ = {
			isa = PBXGroup;
			children = (
				BCFFA4CB1D6B006300D3E05B /* CategoryView.swift */,
				BCFFA4CD1D6B146000D3E05B /* CGStrategyColumnCell.swift */,
				BCFFA4CE1D6B146000D3E05B /* CGStrategyColumnCell.xib */,
				BCBF72B41D6C388200BACD66 /* CGStrategyNoColumnCell.swift */,
				BCBF72B51D6C388200BACD66 /* CGStrategyNoColumnCell.xib */,
			);
			path = view;
			sourceTree = "<group>";
		};
		BC7C5FB61D61F1B700A5672F /* common */ = {
			isa = PBXGroup;
			children = (
				BCF1F1681D61FA6200A23285 /* MainTabBarController.swift */,
				BCF1F16A1D61FA9D00A23285 /* BaseViewController.swift */,
				BCF1F1741D61FC3200A23285 /* Ctrl.json */,
				BCF1F1761D62057800A23285 /* UILabel+Util.swift */,
				BCF1F1781D62058E00A23285 /* UIButton+Util.swift */,
				BCF1F17A1D6205ED00A23285 /* UIImageView+Util.swift */,
				BCF1F17C1D620CEF00A23285 /* WYPDownloader.swift */,
				BC1693F11D6337BA0005F8AC /* Const.swift */,
				BCBF72B81D6C441D00BACD66 /* Util.swift */,
			);
			path = common;
			sourceTree = "<group>";
		};
		BC7C5FB71D61F1B700A5672F /* giftSay */ = {
			isa = PBXGroup;
			children = (
				BCFF424A1D644CFD00DFBF5D /* recommend */,
				BC7C5FB81D61F1B700A5672F /* homePage */,
			);
			path = giftSay;
			sourceTree = "<group>";
		};
		BC7C5FB81D61F1B700A5672F /* homePage */ = {
			isa = PBXGroup;
			children = (
				BC7C5FB91D61F1B700A5672F /* controller */,
				BC7C5FBB1D61F1B700A5672F /* model */,
				BC7C5FBC1D61F1B700A5672F /* view */,
			);
			path = homePage;
			sourceTree = "<group>";
		};
		BC7C5FB91D61F1B700A5672F /* controller */ = {
			isa = PBXGroup;
			children = (
				BCF1F16C1D61FB7800A23285 /* GiftSayViewController.swift */,
			);
			path = controller;
			sourceTree = "<group>";
		};
		BC7C5FBB1D61F1B700A5672F /* model */ = {
			isa = PBXGroup;
			children = (
			);
			path = model;
			sourceTree = "<group>";
		};
		BC7C5FBC1D61F1B700A5672F /* view */ = {
			isa = PBXGroup;
			children = (
			);
			path = view;
			sourceTree = "<group>";
		};
		BC7C5FBD1D61F1B700A5672F /* hot */ = {
			isa = PBXGroup;
			children = (
				BCCB4EA71D67FD8000791BF2 /* recommend */,
				BC7C5FBE1D61F1B700A5672F /* homePage */,
			);
			path = hot;
			sourceTree = "<group>";
		};
		BC7C5FBE1D61F1B700A5672F /* homePage */ = {
			isa = PBXGroup;
			children = (
				BC7C5FBF1D61F1B700A5672F /* controller */,
				BC7C5FC11D61F1B700A5672F /* model */,
				BC7C5FC21D61F1B700A5672F /* view */,
			);
			path = homePage;
			sourceTree = "<group>";
		};
		BC7C5FBF1D61F1B700A5672F /* controller */ = {
			isa = PBXGroup;
			children = (
				BCF1F16E1D61FB8600A23285 /* HotViewController.swift */,
			);
			path = controller;
			sourceTree = "<group>";
		};
		BC7C5FC11D61F1B700A5672F /* model */ = {
			isa = PBXGroup;
			children = (
				BCCB4EAB1D680FE400791BF2 /* HRecommendModel.swift */,
			);
			path = model;
			sourceTree = "<group>";
		};
		BC7C5FC21D61F1B700A5672F /* view */ = {
			isa = PBXGroup;
			children = (
				BCCB4EAF1D68442C00791BF2 /* HMyLayout.swift */,
				BCCB4EB11D6899CC00791BF2 /* HRecommendCell.swift */,
				BCCB4EB21D6899CC00791BF2 /* HRecommendCell.xib */,
			);
			path = view;
			sourceTree = "<group>";
		};
		BC7C5FC31D61F1B700A5672F /* profile */ = {
			isa = PBXGroup;
			children = (
				BC7C5FC41D61F1B700A5672F /* homePage */,
			);
			path = profile;
			sourceTree = "<group>";
		};
		BC7C5FC41D61F1B700A5672F /* homePage */ = {
			isa = PBXGroup;
			children = (
				BC7C5FC51D61F1B700A5672F /* controller */,
				BC7C5FC71D61F1B700A5672F /* model */,
				BC7C5FC81D61F1B700A5672F /* view */,
			);
			path = homePage;
			sourceTree = "<group>";
		};
		BC7C5FC51D61F1B700A5672F /* controller */ = {
			isa = PBXGroup;
			children = (
				BCF1F1721D61FBA400A23285 /* ProfileViewController.swift */,
			);
			path = controller;
			sourceTree = "<group>";
		};
		BC7C5FC71D61F1B700A5672F /* model */ = {
			isa = PBXGroup;
			children = (
			);
			path = model;
			sourceTree = "<group>";
		};
		BC7C5FC81D61F1B700A5672F /* view */ = {
			isa = PBXGroup;
			children = (
				BCBF72BC1D6C88AD00BACD66 /* ProfileLoginCell.swift */,
				BCBF72BD1D6C88AD00BACD66 /* ProfileLoginCell.xib */,
				BCBF72C01D6C88DA00BACD66 /* FunctionBtnCell.swift */,
				BCBF72C11D6C88DA00BACD66 /* FunctionBtnCell.xib */,
				BCBF72C41D6C891300BACD66 /* ItemAndStrategyCell.swift */,
				BCBF72C51D6C891300BACD66 /* ItemAndStrategyCell.xib */,
			);
			path = view;
			sourceTree = "<group>";
		};
		BC7C5FC91D61F1B700A5672F /* thirdParty */ = {
			isa = PBXGroup;
			children = (
			);
			path = thirdParty;
			sourceTree = "<group>";
		};
		BC7C5FCA1D61F1B700A5672F /* resources */ = {
			isa = PBXGroup;
			children = (
				BCCB4EA21D67E63F00791BF2 /* thumbUp */,
				BCFF427D1D6491B900DFBF5D /* tabbar */,
				BCFF42501D6486EF00DFBF5D /* arrow */,
				BCFF42561D6486EF00DFBF5D /* nav */,
				BC7C5FCB1D61F1B700A5672F /* appicons */,
				BC7C5FD91D61F1B700A5672F /* LauchImages */,
			);
			path = resources;
			sourceTree = "<group>";
		};
		BC7C5FCB1D61F1B700A5672F /* appicons */ = {
			isa = PBXGroup;
			children = (
				BC7C5FCC1D61F1B700A5672F /* appicon29x29@2x.png */,
				BC7C5FCD1D61F1B700A5672F /* appicon29x29@2x~ipad.png */,
				BC7C5FCE1D61F1B700A5672F /* appicon29x29@3x.png */,
				BC7C5FCF1D61F1B700A5672F /* appicon29x29~ipad.png */,
				BC7C5FD01D61F1B700A5672F /* appicon40x40@2x.png */,
				BC7C5FD11D61F1B700A5672F /* appicon40x40@2x~ipad.png */,
				BC7C5FD21D61F1B700A5672F /* appicon40x40@3x.png */,
				BC7C5FD31D61F1B700A5672F /* appicon40x40~ipad.png */,
				BC7C5FD41D61F1B700A5672F /* appicon60x60@2x.png */,
				BC7C5FD51D61F1B700A5672F /* appicon60x60@3x.png */,
				BC7C5FD61D61F1B700A5672F /* appicon76x76@2x~ipad.png */,
				BC7C5FD71D61F1B700A5672F /* appicon76x76~ipad.png */,
				BC7C5FD81D61F1B700A5672F /* appicon83.5x83.5@2x~ipad.png */,
			);
			path = appicons;
			sourceTree = "<group>";
		};
		BC7C5FD91D61F1B700A5672F /* LauchImages */ = {
			isa = PBXGroup;
			children = (
				BC7C5FDA1D61F1B700A5672F /* LaunchImage-700-568h@2x.png */,
				BC7C5FDB1D61F1B700A5672F /* LaunchImage-700-Portrait@2x~ipad.png */,
				BC7C5FDC1D61F1B700A5672F /* LaunchImage-700-Portrait~ipad.png */,
				BC7C5FDD1D61F1B700A5672F /* LaunchImage-700@2x.png */,
				BC7C5FDE1D61F1B700A5672F /* LaunchImage-800-667h@2x.png */,
				BC7C5FDF1D61F1B700A5672F /* LaunchImage-800-Portrait-736h@3x.png */,
			);
			path = LauchImages;
			sourceTree = "<group>";
		};
		BCCB4EA21D67E63F00791BF2 /* thumbUp */ = {
			isa = PBXGroup;
			children = (
				BCEAA0E11D694910006B53F7 /* favorite.png */,
				BCCB4EA51D67E7C900791BF2 /* thumb_up.png */,
			);
			path = thumbUp;
			sourceTree = "<group>";
		};
		BCCB4EA71D67FD8000791BF2 /* recommend */ = {
			isa = PBXGroup;
			children = (
				BCCB4EA81D67FD8000791BF2 /* controller */,
				BCCB4EA91D67FD8000791BF2 /* model */,
				BCCB4EAA1D67FD8000791BF2 /* view */,
			);
			path = recommend;
			sourceTree = "<group>";
		};
		BCCB4EA81D67FD8000791BF2 /* controller */ = {
			isa = PBXGroup;
			children = (
			);
			path = controller;
			sourceTree = "<group>";
		};
		BCCB4EA91D67FD8000791BF2 /* model */ = {
			isa = PBXGroup;
			children = (
			);
			path = model;
			sourceTree = "<group>";
		};
		BCCB4EAA1D67FD8000791BF2 /* view */ = {
			isa = PBXGroup;
			children = (
			);
			path = view;
			sourceTree = "<group>";
		};
		BCFF424A1D644CFD00DFBF5D /* recommend */ = {
			isa = PBXGroup;
			children = (
				BCFF424B1D644CFD00DFBF5D /* controller */,
				BCFF424C1D644CFD00DFBF5D /* model */,
				BCFF424D1D644CFD00DFBF5D /* view */,
			);
			path = recommend;
			sourceTree = "<group>";
		};
		BCFF424B1D644CFD00DFBF5D /* controller */ = {
			isa = PBXGroup;
			children = (
			);
			path = controller;
			sourceTree = "<group>";
		};
		BCFF424C1D644CFD00DFBF5D /* model */ = {
			isa = PBXGroup;
			children = (
				BCFF424E1D644D9E00DFBF5D /* GSRecommendModel.swift */,
				BCFF429E1D64ACF800DFBF5D /* GSSmallNavBarModel.swift */,
				BC080EF71D65E6C800E0502D /* GSSecondaryBannersModel.swift */,
				BCD512291D66910700B09155 /* GSSelectModel.swift */,
			);
			path = model;
			sourceTree = "<group>";
		};
		BCFF424D1D644CFD00DFBF5D /* view */ = {
			isa = PBXGroup;
			children = (
				BC080EF11D65C99100E0502D /* GSRecommendView.swift */,
				BC080EF31D65CAC500E0502D /* GSRecommendADCell.swift */,
				BC080EF41D65CAC500E0502D /* GSRecommendADCell.xib */,
				BC080EFD1D65F50500E0502D /* GSSecondaryBannersCell.swift */,
				BC241E481D66F93A004FF30F /* GSSelectCell.swift */,
				BC241E491D66F93A004FF30F /* GSSelectCell.xib */,
			);
			path = view;
			sourceTree = "<group>";
		};
		BCFF42501D6486EF00DFBF5D /* arrow */ = {
			isa = PBXGroup;
			children = (
				BCFFA4D11D6B1DC100D3E05B /* category_arrow_right.png */,
				BCFF42511D6486EF00DFBF5D /* arrow_down.png */,
				BCFF42521D6486EF00DFBF5D /* arrow_left.png */,
				BCFF42531D6486EF00DFBF5D /* arrow_right.png */,
				BCFF42541D6486EF00DFBF5D /* arrow_up.png */,
				BCFF42551D6486EF00DFBF5D /* preload_image.png */,
			);
			path = arrow;
			sourceTree = "<group>";
		};
		BCFF42561D6486EF00DFBF5D /* nav */ = {
			isa = PBXGroup;
			children = (
				BC8105531D6D66C800B83543 /* female.png */,
				BC8105541D6D66C800B83543 /* male.png */,
				BC8105491D6D644200B83543 /* attention.png */,
				BC81054A1D6D644200B83543 /* customer_service.png */,
				BC81054B1D6D644200B83543 /* gift_certificate.png */,
				BC81054C1D6D644200B83543 /* orders.png */,
				BC81054D1D6D644200B83543 /* shopping_cart.png */,
				BC94C7A11D6D2B0B00FE27D9 /* noLogin_heart.png */,
				BCBF72BA1D6C80D900BACD66 /* me_profilebackground@2x.jpg */,
				BCFF42571D6486EF00DFBF5D /* alarm_clock.png */,
				BCFF42581D6486EF00DFBF5D /* back.png */,
				BCFF42591D6486EF00DFBF5D /* mail.png */,
				BCFF425A1D6486EF00DFBF5D /* scan.png */,
				BCFF425B1D6486EF00DFBF5D /* search.png */,
				BCFF425C1D6486EF00DFBF5D /* set_up.png */,
				BCFF425D1D6486EF00DFBF5D /* share.png */,
				BCFF425E1D6486EF00DFBF5D /* sign_in.png */,
			);
			path = nav;
			sourceTree = "<group>";
		};
		BCFF427D1D6491B900DFBF5D /* tabbar */ = {
			isa = PBXGroup;
			children = (
				BCFF427E1D6491B900DFBF5D /* category_normal@2x.png */,
				BCFF427F1D6491B900DFBF5D /* category_normal@3x.png */,
				BCFF42801D6491B900DFBF5D /* category_select@2x.png */,
				BCFF42811D6491B900DFBF5D /* category_select@3x.png */,
				BCFF42821D6491B900DFBF5D /* gift_normal@2x.png */,
				BCFF42831D6491B900DFBF5D /* gift_normal@3x.png */,
				BCFF42841D6491B900DFBF5D /* gift_select@2x.png */,
				BCFF42851D6491B900DFBF5D /* gift_select@3x.png */,
				BCFF42861D6491B900DFBF5D /* hot_normal@2x.png */,
				BCFF42871D6491B900DFBF5D /* hot_normal@3x.png */,
				BCFF42881D6491B900DFBF5D /* hot_select@2x.png */,
				BCFF42891D6491B900DFBF5D /* hot_select@3x.png */,
				BCFF428A1D6491B900DFBF5D /* mine_normal@2x.png */,
				BCFF428B1D6491B900DFBF5D /* mine_normal@3x.png */,
				BCFF428C1D6491B900DFBF5D /* mine_select@2x.png */,
				BCFF428D1D6491B900DFBF5D /* mine_select@3x.png */,
			);
			path = tabbar;
			sourceTree = "<group>";
		};
		D7930C2FB05EE60279172DAE /* Frameworks */ = {
			isa = PBXGroup;
			children = (
				F648819D8C4F136C26C3EFEE /* Pods_GiftSay.framework */,
			);
			name = Frameworks;
			sourceTree = "<group>";
		};
		ECE823A9EF8C758355722B47 /* Pods */ = {
			isa = PBXGroup;
			children = (
				CBCDBB2C8F33969022F26509 /* Pods-GiftSay.debug.xcconfig */,
				3690B1ADD1ACEDE27785B094 /* Pods-GiftSay.release.xcconfig */,
			);
			name = Pods;
			sourceTree = "<group>";
		};
/* End PBXGroup section */

/* Begin PBXNativeTarget section */
		BC7C5F7D1D61F14400A5672F /* GiftSay */ = {
			isa = PBXNativeTarget;
			buildConfigurationList = BC7C5FA61D61F14400A5672F /* Build configuration list for PBXNativeTarget "GiftSay" */;
			buildPhases = (
				3BF1242AF53F87110EC8659C /* [CP] Check Pods Manifest.lock */,
				BC7C5F7A1D61F14400A5672F /* Sources */,
				BC7C5F7B1D61F14400A5672F /* Frameworks */,
				BC7C5F7C1D61F14400A5672F /* Resources */,
				CD7DDCA0E257CECC6DF128F7 /* [CP] Embed Pods Frameworks */,
				F45B15F5A85B38207BB47BF0 /* [CP] Copy Pods Resources */,
			);
			buildRules = (
			);
			dependencies = (
			);
			name = GiftSay;
			productName = GiftSay;
			productReference = BC7C5F7E1D61F14400A5672F /* GiftSay.app */;
			productType = "com.apple.product-type.application";
		};
		BC7C5F911D61F14400A5672F /* GiftSayTests */ = {
			isa = PBXNativeTarget;
			buildConfigurationList = BC7C5FA91D61F14400A5672F /* Build configuration list for PBXNativeTarget "GiftSayTests" */;
			buildPhases = (
				BC7C5F8E1D61F14400A5672F /* Sources */,
				BC7C5F8F1D61F14400A5672F /* Frameworks */,
				BC7C5F901D61F14400A5672F /* Resources */,
			);
			buildRules = (
			);
			dependencies = (
				BC7C5F941D61F14400A5672F /* PBXTargetDependency */,
			);
			name = GiftSayTests;
			productName = GiftSayTests;
			productReference = BC7C5F921D61F14400A5672F /* GiftSayTests.xctest */;
			productType = "com.apple.product-type.bundle.unit-test";
		};
		BC7C5F9C1D61F14400A5672F /* GiftSayUITests */ = {
			isa = PBXNativeTarget;
			buildConfigurationList = BC7C5FAC1D61F14400A5672F /* Build configuration list for PBXNativeTarget "GiftSayUITests" */;
			buildPhases = (
				BC7C5F991D61F14400A5672F /* Sources */,
				BC7C5F9A1D61F14400A5672F /* Frameworks */,
				BC7C5F9B1D61F14400A5672F /* Resources */,
			);
			buildRules = (
			);
			dependencies = (
				BC7C5F9F1D61F14400A5672F /* PBXTargetDependency */,
			);
			name = GiftSayUITests;
			productName = GiftSayUITests;
			productReference = BC7C5F9D1D61F14400A5672F /* GiftSayUITests.xctest */;
			productType = "com.apple.product-type.bundle.ui-testing";
		};
/* End PBXNativeTarget section */

/* Begin PBXProject section */
		BC7C5F761D61F14400A5672F /* Project object */ = {
			isa = PBXProject;
			attributes = {
				LastSwiftUpdateCheck = 0730;
				LastUpgradeCheck = 0730;
				ORGANIZATIONNAME = qianfeng;
				TargetAttributes = {
					BC7C5F7D1D61F14400A5672F = {
						CreatedOnToolsVersion = 7.3.1;
					};
					BC7C5F911D61F14400A5672F = {
						CreatedOnToolsVersion = 7.3.1;
						TestTargetID = BC7C5F7D1D61F14400A5672F;
					};
					BC7C5F9C1D61F14400A5672F = {
						CreatedOnToolsVersion = 7.3.1;
						TestTargetID = BC7C5F7D1D61F14400A5672F;
					};
				};
			};
			buildConfigurationList = BC7C5F791D61F14400A5672F /* Build configuration list for PBXProject "GiftSay" */;
			compatibilityVersion = "Xcode 3.2";
			developmentRegion = English;
			hasScannedForEncodings = 0;
			knownRegions = (
				en,
				Base,
			);
			mainGroup = BC7C5F751D61F14400A5672F;
			productRefGroup = BC7C5F7F1D61F14400A5672F /* Products */;
			projectDirPath = "";
			projectRoot = "";
			targets = (
				BC7C5F7D1D61F14400A5672F /* GiftSay */,
				BC7C5F911D61F14400A5672F /* GiftSayTests */,
				BC7C5F9C1D61F14400A5672F /* GiftSayUITests */,
			);
		};
/* End PBXProject section */

/* Begin PBXResourcesBuildPhase section */
		BC7C5F7C1D61F14400A5672F /* Resources */ = {
			isa = PBXResourcesBuildPhase;
			buildActionMask = 2147483647;
			files = (
				BCFF428F1D6491B900DFBF5D /* category_normal@3x.png in Resources */,
				BCFF42911D6491B900DFBF5D /* category_select@3x.png in Resources */,
				BC8105561D6D66C800B83543 /* male.png in Resources */,
				BCFF42701D6486EF00DFBF5D /* scan.png in Resources */,
				BCFF42961D6491B900DFBF5D /* hot_normal@2x.png in Resources */,
				BCFF428E1D6491B900DFBF5D /* category_normal@2x.png in Resources */,
				BCFF426D1D6486EF00DFBF5D /* alarm_clock.png in Resources */,
				BCFF426A1D6486EF00DFBF5D /* arrow_right.png in Resources */,
				BC94C7A21D6D2B0B00FE27D9 /* noLogin_heart.png in Resources */,
				BCFF426B1D6486EF00DFBF5D /* arrow_up.png in Resources */,
				BCFF429D1D6491B900DFBF5D /* mine_select@3x.png in Resources */,
				BCFF42971D6491B900DFBF5D /* hot_normal@3x.png in Resources */,
				BCF1F1751D61FC3200A23285 /* Ctrl.json in Resources */,
				BCFF42921D6491B900DFBF5D /* gift_normal@2x.png in Resources */,
				BC7C5FEF1D61F1B700A5672F /* appicon76x76~ipad.png in Resources */,
				BC7C5FF11D61F1B700A5672F /* LaunchImage-700-568h@2x.png in Resources */,
				BCFF42721D6486EF00DFBF5D /* set_up.png in Resources */,
				BCFF42711D6486EF00DFBF5D /* search.png in Resources */,
				BC7C5FE71D61F1B700A5672F /* appicon29x29~ipad.png in Resources */,
				BCFF42981D6491B900DFBF5D /* hot_select@2x.png in Resources */,
				BC7C5FE41D61F1B700A5672F /* appicon29x29@2x.png in Resources */,
				BCFF42691D6486EF00DFBF5D /* arrow_left.png in Resources */,
				BC7C5FF31D61F1B700A5672F /* LaunchImage-700-Portrait~ipad.png in Resources */,
				BCFF42951D6491B900DFBF5D /* gift_select@3x.png in Resources */,
				BCFFA4D01D6B146000D3E05B /* CGStrategyColumnCell.xib in Resources */,
				BCBF72C31D6C88DA00BACD66 /* FunctionBtnCell.xib in Resources */,
				BC7C5FF01D61F1B700A5672F /* appicon83.5x83.5@2x~ipad.png in Resources */,
				BC7C5FEC1D61F1B700A5672F /* appicon60x60@2x.png in Resources */,
				BC7C5FE81D61F1B700A5672F /* appicon40x40@2x.png in Resources */,
				BC7C5FF21D61F1B700A5672F /* LaunchImage-700-Portrait@2x~ipad.png in Resources */,
				BCFF42731D6486EF00DFBF5D /* share.png in Resources */,
				BC7C5FEA1D61F1B700A5672F /* appicon40x40@3x.png in Resources */,
				BC7C5FE61D61F1B700A5672F /* appicon29x29@3x.png in Resources */,
				BC7C5FED1D61F1B700A5672F /* appicon60x60@3x.png in Resources */,
				BCBF72B71D6C388200BACD66 /* CGStrategyNoColumnCell.xib in Resources */,
				BC7C5FEE1D61F1B700A5672F /* appicon76x76@2x~ipad.png in Resources */,
				BC7C5FE51D61F1B700A5672F /* appicon29x29@2x~ipad.png in Resources */,
				BC7C5FEB1D61F1B700A5672F /* appicon40x40~ipad.png in Resources */,
				BCFF42901D6491B900DFBF5D /* category_select@2x.png in Resources */,
				BCBF72BB1D6C80D900BACD66 /* me_profilebackground@2x.jpg in Resources */,
				BCFF42941D6491B900DFBF5D /* gift_select@2x.png in Resources */,
				BC241E4B1D66F93A004FF30F /* GSSelectCell.xib in Resources */,
				BC7C5F8C1D61F14400A5672F /* LaunchScreen.storyboard in Resources */,
				BCEAA0E21D694910006B53F7 /* favorite.png in Resources */,
				BC7C5F891D61F14400A5672F /* Assets.xcassets in Resources */,
				BCCB4EA61D67E7C900791BF2 /* thumb_up.png in Resources */,
				BC8105551D6D66C800B83543 /* female.png in Resources */,
				BCBF72BF1D6C88AD00BACD66 /* ProfileLoginCell.xib in Resources */,
				BCFF426C1D6486EF00DFBF5D /* preload_image.png in Resources */,
				BC8105511D6D644200B83543 /* orders.png in Resources */,
				BC7C5FF41D61F1B700A5672F /* LaunchImage-700@2x.png in Resources */,
				BCFF429A1D6491B900DFBF5D /* mine_normal@2x.png in Resources */,
				BCFF42681D6486EF00DFBF5D /* arrow_down.png in Resources */,
				BCFF42931D6491B900DFBF5D /* gift_normal@3x.png in Resources */,
				BCFF429B1D6491B900DFBF5D /* mine_normal@3x.png in Resources */,
				BC8105521D6D644200B83543 /* shopping_cart.png in Resources */,
				BCCB4EB41D6899CC00791BF2 /* HRecommendCell.xib in Resources */,
				BC7C5FF61D61F1B700A5672F /* LaunchImage-800-Portrait-736h@3x.png in Resources */,
				BCFF42991D6491B900DFBF5D /* hot_select@3x.png in Resources */,
				BCFFA4D21D6B1DC100D3E05B /* category_arrow_right.png in Resources */,
				BCFF429C1D6491B900DFBF5D /* mine_select@2x.png in Resources */,
				BCFF426E1D6486EF00DFBF5D /* back.png in Resources */,
				BC81054E1D6D644200B83543 /* attention.png in Resources */,
				BC7C5F871D61F14400A5672F /* Main.storyboard in Resources */,
				BCFF426F1D6486EF00DFBF5D /* mail.png in Resources */,
				BCFF42741D6486EF00DFBF5D /* sign_in.png in Resources */,
				BC7C5FF51D61F1B700A5672F /* LaunchImage-800-667h@2x.png in Resources */,
				BC8105501D6D644200B83543 /* gift_certificate.png in Resources */,
				BCBF72C71D6C891300BACD66 /* ItemAndStrategyCell.xib in Resources */,
				BC080EF61D65CAC500E0502D /* GSRecommendADCell.xib in Resources */,
				BC7C5FE91D61F1B700A5672F /* appicon40x40@2x~ipad.png in Resources */,
				BC81054F1D6D644200B83543 /* customer_service.png in Resources */,
			);
			runOnlyForDeploymentPostprocessing = 0;
		};
		BC7C5F901D61F14400A5672F /* Resources */ = {
			isa = PBXResourcesBuildPhase;
			buildActionMask = 2147483647;
			files = (
			);
			runOnlyForDeploymentPostprocessing = 0;
		};
		BC7C5F9B1D61F14400A5672F /* Resources */ = {
			isa = PBXResourcesBuildPhase;
			buildActionMask = 2147483647;
			files = (
			);
			runOnlyForDeploymentPostprocessing = 0;
		};
/* End PBXResourcesBuildPhase section */

/* Begin PBXShellScriptBuildPhase section */
		3BF1242AF53F87110EC8659C /* [CP] Check Pods Manifest.lock */ = {
			isa = PBXShellScriptBuildPhase;
			buildActionMask = 2147483647;
			files = (
			);
			inputPaths = (
			);
			name = "[CP] Check Pods Manifest.lock";
			outputPaths = (
			);
			runOnlyForDeploymentPostprocessing = 0;
			shellPath = /bin/sh;
			shellScript = "diff \"${PODS_ROOT}/../Podfile.lock\" \"${PODS_ROOT}/Manifest.lock\" > /dev/null\nif [[ $? != 0 ]] ; then\n    cat << EOM\nerror: The sandbox is not in sync with the Podfile.lock. Run 'pod install' or update your CocoaPods installation.\nEOM\n    exit 1\nfi\n";
			showEnvVarsInLog = 0;
		};
		CD7DDCA0E257CECC6DF128F7 /* [CP] Embed Pods Frameworks */ = {
			isa = PBXShellScriptBuildPhase;
			buildActionMask = 2147483647;
			files = (
			);
			inputPaths = (
			);
			name = "[CP] Embed Pods Frameworks";
			outputPaths = (
			);
			runOnlyForDeploymentPostprocessing = 0;
			shellPath = /bin/sh;
			shellScript = "\"${SRCROOT}/Pods/Target Support Files/Pods-GiftSay/Pods-GiftSay-frameworks.sh\"\n";
			showEnvVarsInLog = 0;
		};
		F45B15F5A85B38207BB47BF0 /* [CP] Copy Pods Resources */ = {
			isa = PBXShellScriptBuildPhase;
			buildActionMask = 2147483647;
			files = (
			);
			inputPaths = (
			);
			name = "[CP] Copy Pods Resources";
			outputPaths = (
			);
			runOnlyForDeploymentPostprocessing = 0;
			shellPath = /bin/sh;
			shellScript = "\"${SRCROOT}/Pods/Target Support Files/Pods-GiftSay/Pods-GiftSay-resources.sh\"\n";
			showEnvVarsInLog = 0;
		};
/* End PBXShellScriptBuildPhase section */

/* Begin PBXSourcesBuildPhase section */
		BC7C5F7A1D61F14400A5672F /* Sources */ = {
			isa = PBXSourcesBuildPhase;
			buildActionMask = 2147483647;
			files = (
				BCF1F17B1D6205ED00A23285 /* UIImageView+Util.swift in Sources */,
				BCFF429F1D64ACF800DFBF5D /* GSSmallNavBarModel.swift in Sources */,
				BCF1F17D1D620CEF00A23285 /* WYPDownloader.swift in Sources */,
				BCF1F16F1D61FB8600A23285 /* HotViewController.swift in Sources */,
				BCF1F1771D62057800A23285 /* UILabel+Util.swift in Sources */,
				BC7C5F841D61F14400A5672F /* ViewController.swift in Sources */,
				BCCB4EB01D68442C00791BF2 /* HMyLayout.swift in Sources */,
				BCBF72B91D6C441D00BACD66 /* Util.swift in Sources */,
				BCF1F1711D61FB9300A23285 /* CategoryViewController.swift in Sources */,
				BCFFA4CA1D6AF9D500D3E05B /* CGStrategyColumnModel.swift in Sources */,
				BCBF72B61D6C388200BACD66 /* CGStrategyNoColumnCell.swift in Sources */,
				BCF1F1691D61FA6200A23285 /* MainTabBarController.swift in Sources */,
				BC080EF81D65E6C800E0502D /* GSSecondaryBannersModel.swift in Sources */,
				BCD5122A1D66910700B09155 /* GSSelectModel.swift in Sources */,
				BCF1F16D1D61FB7800A23285 /* GiftSayViewController.swift in Sources */,
				BCBF72B31D6C301900BACD66 /* CGStrategyNoColumnModel.swift in Sources */,
				BCFFA4CF1D6B146000D3E05B /* CGStrategyColumnCell.swift in Sources */,
				BCBF72C61D6C891300BACD66 /* ItemAndStrategyCell.swift in Sources */,
				BC080EFE1D65F50500E0502D /* GSSecondaryBannersCell.swift in Sources */,
				BC7C5F821D61F14400A5672F /* AppDelegate.swift in Sources */,
				BCF1F1791D62058E00A23285 /* UIButton+Util.swift in Sources */,
				BCCB4EB31D6899CC00791BF2 /* HRecommendCell.swift in Sources */,
				BCBF72BE1D6C88AD00BACD66 /* ProfileLoginCell.swift in Sources */,
				BC080EF51D65CAC500E0502D /* GSRecommendADCell.swift in Sources */,
				BCFFA4CC1D6B006300D3E05B /* CategoryView.swift in Sources */,
				BCF1F1731D61FBA400A23285 /* ProfileViewController.swift in Sources */,
				BCF1F16B1D61FA9D00A23285 /* BaseViewController.swift in Sources */,
				BCBF72C21D6C88DA00BACD66 /* FunctionBtnCell.swift in Sources */,
				BCFF424F1D644D9E00DFBF5D /* GSRecommendModel.swift in Sources */,
				BC241E4A1D66F93A004FF30F /* GSSelectCell.swift in Sources */,
				BCCB4EAC1D680FE400791BF2 /* HRecommendModel.swift in Sources */,
				BC1693F21D6337BA0005F8AC /* Const.swift in Sources */,
				BC080EF21D65C99100E0502D /* GSRecommendView.swift in Sources */,
			);
			runOnlyForDeploymentPostprocessing = 0;
		};
		BC7C5F8E1D61F14400A5672F /* Sources */ = {
			isa = PBXSourcesBuildPhase;
			buildActionMask = 2147483647;
			files = (
				BC7C5F971D61F14400A5672F /* GiftSayTests.swift in Sources */,
			);
			runOnlyForDeploymentPostprocessing = 0;
		};
		BC7C5F991D61F14400A5672F /* Sources */ = {
			isa = PBXSourcesBuildPhase;
			buildActionMask = 2147483647;
			files = (
				BC7C5FA21D61F14400A5672F /* GiftSayUITests.swift in Sources */,
			);
			runOnlyForDeploymentPostprocessing = 0;
		};
/* End PBXSourcesBuildPhase section */

/* Begin PBXTargetDependency section */
		BC7C5F941D61F14400A5672F /* PBXTargetDependency */ = {
			isa = PBXTargetDependency;
			target = BC7C5F7D1D61F14400A5672F /* GiftSay */;
			targetProxy = BC7C5F931D61F14400A5672F /* PBXContainerItemProxy */;
		};
		BC7C5F9F1D61F14400A5672F /* PBXTargetDependency */ = {
			isa = PBXTargetDependency;
			target = BC7C5F7D1D61F14400A5672F /* GiftSay */;
			targetProxy = BC7C5F9E1D61F14400A5672F /* PBXContainerItemProxy */;
		};
/* End PBXTargetDependency section */

/* Begin PBXVariantGroup section */
		BC7C5F851D61F14400A5672F /* Main.storyboard */ = {
			isa = PBXVariantGroup;
			children = (
				BC7C5F861D61F14400A5672F /* Base */,
			);
			name = Main.storyboard;
			sourceTree = "<group>";
		};
		BC7C5F8A1D61F14400A5672F /* LaunchScreen.storyboard */ = {
			isa = PBXVariantGroup;
			children = (
				BC7C5F8B1D61F14400A5672F /* Base */,
			);
			name = LaunchScreen.storyboard;
			sourceTree = "<group>";
		};
/* End PBXVariantGroup section */

/* Begin XCBuildConfiguration section */
		BC7C5FA41D61F14400A5672F /* Debug */ = {
			isa = XCBuildConfiguration;
			buildSettings = {
				ALWAYS_SEARCH_USER_PATHS = NO;
				CLANG_ANALYZER_NONNULL = YES;
				CLANG_CXX_LANGUAGE_STANDARD = "gnu++0x";
				CLANG_CXX_LIBRARY = "libc++";
				CLANG_ENABLE_MODULES = YES;
				CLANG_ENABLE_OBJC_ARC = YES;
				CLANG_WARN_BOOL_CONVERSION = YES;
				CLANG_WARN_CONSTANT_CONVERSION = YES;
				CLANG_WARN_DIRECT_OBJC_ISA_USAGE = YES_ERROR;
				CLANG_WARN_EMPTY_BODY = YES;
				CLANG_WARN_ENUM_CONVERSION = YES;
				CLANG_WARN_INT_CONVERSION = YES;
				CLANG_WARN_OBJC_ROOT_CLASS = YES_ERROR;
				CLANG_WARN_UNREACHABLE_CODE = YES;
				CLANG_WARN__DUPLICATE_METHOD_MATCH = YES;
				"CODE_SIGN_IDENTITY[sdk=iphoneos*]" = "iPhone Developer";
				COPY_PHASE_STRIP = NO;
				DEBUG_INFORMATION_FORMAT = dwarf;
				ENABLE_STRICT_OBJC_MSGSEND = YES;
				ENABLE_TESTABILITY = YES;
				GCC_C_LANGUAGE_STANDARD = gnu99;
				GCC_DYNAMIC_NO_PIC = NO;
				GCC_NO_COMMON_BLOCKS = YES;
				GCC_OPTIMIZATION_LEVEL = 0;
				GCC_PREPROCESSOR_DEFINITIONS = (
					"DEBUG=1",
					"$(inherited)",
				);
				GCC_WARN_64_TO_32_BIT_CONVERSION = YES;
				GCC_WARN_ABOUT_RETURN_TYPE = YES_ERROR;
				GCC_WARN_UNDECLARED_SELECTOR = YES;
				GCC_WARN_UNINITIALIZED_AUTOS = YES_AGGRESSIVE;
				GCC_WARN_UNUSED_FUNCTION = YES;
				GCC_WARN_UNUSED_VARIABLE = YES;
				IPHONEOS_DEPLOYMENT_TARGET = 9.3;
				MTL_ENABLE_DEBUG_INFO = YES;
				ONLY_ACTIVE_ARCH = YES;
				SDKROOT = iphoneos;
				SWIFT_OPTIMIZATION_LEVEL = "-Onone";
			};
			name = Debug;
		};
		BC7C5FA51D61F14400A5672F /* Release */ = {
			isa = XCBuildConfiguration;
			buildSettings = {
				ALWAYS_SEARCH_USER_PATHS = NO;
				CLANG_ANALYZER_NONNULL = YES;
				CLANG_CXX_LANGUAGE_STANDARD = "gnu++0x";
				CLANG_CXX_LIBRARY = "libc++";
				CLANG_ENABLE_MODULES = YES;
				CLANG_ENABLE_OBJC_ARC = YES;
				CLANG_WARN_BOOL_CONVERSION = YES;
				CLANG_WARN_CONSTANT_CONVERSION = YES;
				CLANG_WARN_DIRECT_OBJC_ISA_USAGE = YES_ERROR;
				CLANG_WARN_EMPTY_BODY = YES;
				CLANG_WARN_ENUM_CONVERSION = YES;
				CLANG_WARN_INT_CONVERSION = YES;
				CLANG_WARN_OBJC_ROOT_CLASS = YES_ERROR;
				CLANG_WARN_UNREACHABLE_CODE = YES;
				CLANG_WARN__DUPLICATE_METHOD_MATCH = YES;
				"CODE_SIGN_IDENTITY[sdk=iphoneos*]" = "iPhone Developer";
				COPY_PHASE_STRIP = NO;
				DEBUG_INFORMATION_FORMAT = "dwarf-with-dsym";
				ENABLE_NS_ASSERTIONS = NO;
				ENABLE_STRICT_OBJC_MSGSEND = YES;
				GCC_C_LANGUAGE_STANDARD = gnu99;
				GCC_NO_COMMON_BLOCKS = YES;
				GCC_WARN_64_TO_32_BIT_CONVERSION = YES;
				GCC_WARN_ABOUT_RETURN_TYPE = YES_ERROR;
				GCC_WARN_UNDECLARED_SELECTOR = YES;
				GCC_WARN_UNINITIALIZED_AUTOS = YES_AGGRESSIVE;
				GCC_WARN_UNUSED_FUNCTION = YES;
				GCC_WARN_UNUSED_VARIABLE = YES;
				IPHONEOS_DEPLOYMENT_TARGET = 9.3;
				MTL_ENABLE_DEBUG_INFO = NO;
				SDKROOT = iphoneos;
				VALIDATE_PRODUCT = YES;
			};
			name = Release;
		};
		BC7C5FA71D61F14400A5672F /* Debug */ = {
			isa = XCBuildConfiguration;
			baseConfigurationReference = CBCDBB2C8F33969022F26509 /* Pods-GiftSay.debug.xcconfig */;
			buildSettings = {
				ASSETCATALOG_COMPILER_APPICON_NAME = AppIcon;
				ASSETCATALOG_COMPILER_LAUNCHIMAGE_NAME = LaunchImage;
				INFOPLIST_FILE = GiftSay/Info.plist;
				IPHONEOS_DEPLOYMENT_TARGET = 9.0;
				LD_RUNPATH_SEARCH_PATHS = "$(inherited) @executable_path/Frameworks";
				PRODUCT_BUNDLE_IDENTIFIER = com.qianfeng.GiftSay;
				PRODUCT_NAME = "$(TARGET_NAME)";
			};
			name = Debug;
		};
		BC7C5FA81D61F14400A5672F /* Release */ = {
			isa = XCBuildConfiguration;
			baseConfigurationReference = 3690B1ADD1ACEDE27785B094 /* Pods-GiftSay.release.xcconfig */;
			buildSettings = {
				ASSETCATALOG_COMPILER_APPICON_NAME = AppIcon;
				ASSETCATALOG_COMPILER_LAUNCHIMAGE_NAME = LaunchImage;
				INFOPLIST_FILE = GiftSay/Info.plist;
				IPHONEOS_DEPLOYMENT_TARGET = 9.0;
				LD_RUNPATH_SEARCH_PATHS = "$(inherited) @executable_path/Frameworks";
				PRODUCT_BUNDLE_IDENTIFIER = com.qianfeng.GiftSay;
				PRODUCT_NAME = "$(TARGET_NAME)";
			};
			name = Release;
		};
		BC7C5FAA1D61F14400A5672F /* Debug */ = {
			isa = XCBuildConfiguration;
			buildSettings = {
				BUNDLE_LOADER = "$(TEST_HOST)";
				INFOPLIST_FILE = GiftSayTests/Info.plist;
				LD_RUNPATH_SEARCH_PATHS = "$(inherited) @executable_path/Frameworks @loader_path/Frameworks";
				PRODUCT_BUNDLE_IDENTIFIER = com.qianfeng.GiftSayTests;
				PRODUCT_NAME = "$(TARGET_NAME)";
				TEST_HOST = "$(BUILT_PRODUCTS_DIR)/GiftSay.app/GiftSay";
			};
			name = Debug;
		};
		BC7C5FAB1D61F14400A5672F /* Release */ = {
			isa = XCBuildConfiguration;
			buildSettings = {
				BUNDLE_LOADER = "$(TEST_HOST)";
				INFOPLIST_FILE = GiftSayTests/Info.plist;
				LD_RUNPATH_SEARCH_PATHS = "$(inherited) @executable_path/Frameworks @loader_path/Frameworks";
				PRODUCT_BUNDLE_IDENTIFIER = com.qianfeng.GiftSayTests;
				PRODUCT_NAME = "$(TARGET_NAME)";
				TEST_HOST = "$(BUILT_PRODUCTS_DIR)/GiftSay.app/GiftSay";
			};
			name = Release;
		};
		BC7C5FAD1D61F14400A5672F /* Debug */ = {
			isa = XCBuildConfiguration;
			buildSettings = {
				INFOPLIST_FILE = GiftSayUITests/Info.plist;
				LD_RUNPATH_SEARCH_PATHS = "$(inherited) @executable_path/Frameworks @loader_path/Frameworks";
				PRODUCT_BUNDLE_IDENTIFIER = com.qianfeng.GiftSayUITests;
				PRODUCT_NAME = "$(TARGET_NAME)";
				TEST_TARGET_NAME = GiftSay;
			};
			name = Debug;
		};
		BC7C5FAE1D61F14400A5672F /* Release */ = {
			isa = XCBuildConfiguration;
			buildSettings = {
				INFOPLIST_FILE = GiftSayUITests/Info.plist;
				LD_RUNPATH_SEARCH_PATHS = "$(inherited) @executable_path/Frameworks @loader_path/Frameworks";
				PRODUCT_BUNDLE_IDENTIFIER = com.qianfeng.GiftSayUITests;
				PRODUCT_NAME = "$(TARGET_NAME)";
				TEST_TARGET_NAME = GiftSay;
			};
			name = Release;
		};
/* End XCBuildConfiguration section */

/* Begin XCConfigurationList section */
		BC7C5F791D61F14400A5672F /* Build configuration list for PBXProject "GiftSay" */ = {
			isa = XCConfigurationList;
			buildConfigurations = (
				BC7C5FA41D61F14400A5672F /* Debug */,
				BC7C5FA51D61F14400A5672F /* Release */,
			);
			defaultConfigurationIsVisible = 0;
			defaultConfigurationName = Release;
		};
		BC7C5FA61D61F14400A5672F /* Build configuration list for PBXNativeTarget "GiftSay" */ = {
			isa = XCConfigurationList;
			buildConfigurations = (
				BC7C5FA71D61F14400A5672F /* Debug */,
				BC7C5FA81D61F14400A5672F /* Release */,
			);
			defaultConfigurationIsVisible = 0;
			defaultConfigurationName = Release;
		};
		BC7C5FA91D61F14400A5672F /* Build configuration list for PBXNativeTarget "GiftSayTests" */ = {
			isa = XCConfigurationList;
			buildConfigurations = (
				BC7C5FAA1D61F14400A5672F /* Debug */,
				BC7C5FAB1D61F14400A5672F /* Release */,
			);
			defaultConfigurationIsVisible = 0;
			defaultConfigurationName = Release;
		};
		BC7C5FAC1D61F14400A5672F /* Build configuration list for PBXNativeTarget "GiftSayUITests" */ = {
			isa = XCConfigurationList;
			buildConfigurations = (
				BC7C5FAD1D61F14400A5672F /* Debug */,
				BC7C5FAE1D61F14400A5672F /* Release */,
			);
			defaultConfigurationIsVisible = 0;
			defaultConfigurationName = Release;
		};
/* End XCConfigurationList section */
	};
	rootObject = BC7C5F761D61F14400A5672F /* Project object */;
}
